// !$*UTF8*$!
{
	archiveVersion = 1;
	classes = {
	};
	objectVersion = 50;
	objects = {

/* Begin PBXBuildFile section */
		BF81416625C81FCC002B7C7E /* AppDelegate.swift in Sources */ = {isa = PBXBuildFile; fileRef = BF81416525C81FCC002B7C7E /* AppDelegate.swift */; };
		BF81416A25C81FCC002B7C7E /* ViewController.swift in Sources */ = {isa = PBXBuildFile; fileRef = BF81416925C81FCC002B7C7E /* ViewController.swift */; };
		BF81416F25C81FCE002B7C7E /* Assets.xcassets in Resources */ = {isa = PBXBuildFile; fileRef = BF81416E25C81FCE002B7C7E /* Assets.xcassets */; };
		BF81417225C81FCE002B7C7E /* LaunchScreen.storyboard in Resources */ = {isa = PBXBuildFile; fileRef = BF81417025C81FCE002B7C7E /* LaunchScreen.storyboard */; };
		BF81417D25C82001002B7C7E /* Coordinator.swift in Sources */ = {isa = PBXBuildFile; fileRef = BF81417C25C82001002B7C7E /* Coordinator.swift */; };
		BF81418125C82138002B7C7E /* Stepper.swift in Sources */ = {isa = PBXBuildFile; fileRef = BF81418025C82138002B7C7E /* Stepper.swift */; };
		BF81418825C83012002B7C7E /* OneCoordinator.swift in Sources */ = {isa = PBXBuildFile; fileRef = BF81418725C83012002B7C7E /* OneCoordinator.swift */; };
		BF81418B25C83040002B7C7E /* AppCoordinator.swift in Sources */ = {isa = PBXBuildFile; fileRef = BF81418A25C83040002B7C7E /* AppCoordinator.swift */; };
/* End PBXBuildFile section */

/* Begin PBXFileReference section */
		BF81416225C81FCC002B7C7E /* DEFlow.app */ = {isa = PBXFileReference; explicitFileType = wrapper.application; includeInIndex = 0; path = DEFlow.app; sourceTree = BUILT_PRODUCTS_DIR; };
		BF81416525C81FCC002B7C7E /* AppDelegate.swift */ = {isa = PBXFileReference; lastKnownFileType = sourcecode.swift; path = AppDelegate.swift; sourceTree = "<group>"; };
		BF81416925C81FCC002B7C7E /* ViewController.swift */ = {isa = PBXFileReference; lastKnownFileType = sourcecode.swift; path = ViewController.swift; sourceTree = "<group>"; };
		BF81416E25C81FCE002B7C7E /* Assets.xcassets */ = {isa = PBXFileReference; lastKnownFileType = folder.assetcatalog; path = Assets.xcassets; sourceTree = "<group>"; };
		BF81417125C81FCE002B7C7E /* Base */ = {isa = PBXFileReference; lastKnownFileType = file.storyboard; name = Base; path = Base.lproj/LaunchScreen.storyboard; sourceTree = "<group>"; };
		BF81417325C81FCE002B7C7E /* Info.plist */ = {isa = PBXFileReference; lastKnownFileType = text.plist.xml; path = Info.plist; sourceTree = "<group>"; };
		BF81417C25C82001002B7C7E /* Coordinator.swift */ = {isa = PBXFileReference; lastKnownFileType = sourcecode.swift; path = Coordinator.swift; sourceTree = "<group>"; };
		BF81418025C82138002B7C7E /* Stepper.swift */ = {isa = PBXFileReference; lastKnownFileType = sourcecode.swift; path = Stepper.swift; sourceTree = "<group>"; };
		BF81418725C83012002B7C7E /* OneCoordinator.swift */ = {isa = PBXFileReference; lastKnownFileType = sourcecode.swift; path = OneCoordinator.swift; sourceTree = "<group>"; };
		BF81418A25C83040002B7C7E /* AppCoordinator.swift */ = {isa = PBXFileReference; lastKnownFileType = sourcecode.swift; path = AppCoordinator.swift; sourceTree = "<group>"; };
/* End PBXFileReference section */

/* Begin PBXFrameworksBuildPhase section */
		BF81415F25C81FCC002B7C7E /* Frameworks */ = {
			isa = PBXFrameworksBuildPhase;
			buildActionMask = 2147483647;
			files = (
			);
			runOnlyForDeploymentPostprocessing = 0;
		};
/* End PBXFrameworksBuildPhase section */

/* Begin PBXGroup section */
		BF81415925C81FCC002B7C7E = {
			isa = PBXGroup;
			children = (
				BF81416425C81FCC002B7C7E /* DEFlow */,
				BF81416325C81FCC002B7C7E /* Products */,
			);
			sourceTree = "<group>";
		};
		BF81416325C81FCC002B7C7E /* Products */ = {
			isa = PBXGroup;
			children = (
				BF81416225C81FCC002B7C7E /* DEFlow.app */,
			);
			name = Products;
			sourceTree = "<group>";
		};
		BF81416425C81FCC002B7C7E /* DEFlow */ = {
			isa = PBXGroup;
			children = (
				BF81416525C81FCC002B7C7E /* AppDelegate.swift */,
				BF81416925C81FCC002B7C7E /* ViewController.swift */,
				BF81417C25C82001002B7C7E /* Coordinator.swift */,
				BF81418725C83012002B7C7E /* OneCoordinator.swift */,
				BF81418A25C83040002B7C7E /* AppCoordinator.swift */,
				BF81418025C82138002B7C7E /* Stepper.swift */,
				BF81416E25C81FCE002B7C7E /* Assets.xcassets */,
				BF81417025C81FCE002B7C7E /* LaunchScreen.storyboard */,
				BF81417325C81FCE002B7C7E /* Info.plist */,
			);
			path = DEFlow;
			sourceTree = "<group>";
		};
/* End PBXGroup section */

/* Begin PBXNativeTarget section */
		BF81416125C81FCC002B7C7E /* DEFlow */ = {
			isa = PBXNativeTarget;
			buildConfigurationList = BF81417625C81FCE002B7C7E /* Build configuration list for PBXNativeTarget "DEFlow" */;
			buildPhases = (
				BF81415E25C81FCC002B7C7E /* Sources */,
				BF81415F25C81FCC002B7C7E /* Frameworks */,
				BF81416025C81FCC002B7C7E /* Resources */,
			);
			buildRules = (
			);
			dependencies = (
			);
			name = DEFlow;
			productName = DEFlow;
			productReference = BF81416225C81FCC002B7C7E /* DEFlow.app */;
			productType = "com.apple.product-type.application";
		};
/* End PBXNativeTarget section */

/* Begin PBXProject section */
		BF81415A25C81FCC002B7C7E /* Project object */ = {
			isa = PBXProject;
			attributes = {
				LastSwiftUpdateCheck = 1230;
				LastUpgradeCheck = 1230;
				TargetAttributes = {
					BF81416125C81FCC002B7C7E = {
						CreatedOnToolsVersion = 12.3;
					};
				};
			};
			buildConfigurationList = BF81415D25C81FCC002B7C7E /* Build configuration list for PBXProject "DEFlow" */;
			compatibilityVersion = "Xcode 9.3";
			developmentRegion = en;
			hasScannedForEncodings = 0;
			knownRegions = (
				en,
				Base,
			);
			mainGroup = BF81415925C81FCC002B7C7E;
			productRefGroup = BF81416325C81FCC002B7C7E /* Products */;
			projectDirPath = "";
			projectRoot = "";
			targets = (
				BF81416125C81FCC002B7C7E /* DEFlow */,
			);
		};
/* End PBXProject section */

/* Begin PBXResourcesBuildPhase section */
		BF81416025C81FCC002B7C7E /* Resources */ = {
			isa = PBXResourcesBuildPhase;
			buildActionMask = 2147483647;
			files = (
				BF81417225C81FCE002B7C7E /* LaunchScreen.storyboard in Resources */,
				BF81416F25C81FCE002B7C7E /* Assets.xcassets in Resources */,
			);
			runOnlyForDeploymentPostprocessing = 0;
		};
/* End PBXResourcesBuildPhase section */

/* Begin PBXSourcesBuildPhase section */
		BF81415E25C81FCC002B7C7E /* Sources */ = {
			isa = PBXSourcesBuildPhase;
			buildActionMask = 2147483647;
			files = (
				BF81418B25C83040002B7C7E /* AppCoordinator.swift in Sources */,
				BF81416A25C81FCC002B7C7E /* ViewController.swift in Sources */,
				BF81416625C81FCC002B7C7E /* AppDelegate.swift in Sources */,
				BF81418825C83012002B7C7E /* OneCoordinator.swift in Sources */,
				BF81417D25C82001002B7C7E /* Coordinator.swift in Sources */,
				BF81418125C82138002B7C7E /* Stepper.swift in Sources */,
			);
			runOnlyForDeploymentPostprocessing = 0;
		};
/* End PBXSourcesBuildPhase section */

/* Begin PBXVariantGroup section */
		BF81417025C81FCE002B7C7E /* LaunchScreen.storyboard */ = {
			isa = PBXVariantGroup;
			children = (
				BF81417125C81FCE002B7C7E /* Base */,
			);
			name = LaunchScreen.storyboard;
			sourceTree = "<group>";
		};
/* End PBXVariantGroup section */

/* Begin XCBuildConfiguration section */
		BF81417425C81FCE002B7C7E /* Debug */ = {
			isa = XCBuildConfiguration;
			buildSettings = {
				ALWAYS_SEARCH_USER_PATHS = NO;
				CLANG_ANALYZER_NONNULL = YES;
				CLANG_ANALYZER_NUMBER_OBJECT_CONVERSION = YES_AGGRESSIVE;
				CLANG_CXX_LANGUAGE_STANDARD = "gnu++14";
				CLANG_CXX_LIBRARY = "libc++";
				CLANG_ENABLE_MODULES = YES;
				CLANG_ENABLE_OBJC_ARC = YES;
				CLANG_ENABLE_OBJC_WEAK = YES;
				CLANG_WARN_BLOCK_CAPTURE_AUTORELEASING = YES;
				CLANG_WARN_BOOL_CONVERSION = YES;
				CLANG_WARN_COMMA = YES;
				CLANG_WARN_CONSTANT_CONVERSION = YES;
				CLANG_WARN_DEPRECATED_OBJC_IMPLEMENTATIONS = YES;
				CLANG_WARN_DIRECT_OBJC_ISA_USAGE = YES_ERROR;
				CLANG_WARN_DOCUMENTATION_COMMENTS = YES;
				CLANG_WARN_EMPTY_BODY = YES;
				CLANG_WARN_ENUM_CONVERSION = YES;
				CLANG_WARN_INFINITE_RECURSION = YES;
				CLANG_WARN_INT_CONVERSION = YES;
				CLANG_WARN_NON_LITERAL_NULL_CONVERSION = YES;
				CLANG_WARN_OBJC_IMPLICIT_RETAIN_SELF = YES;
				CLANG_WARN_OBJC_LITERAL_CONVERSION = YES;
				CLANG_WARN_OBJC_ROOT_CLASS = YES_ERROR;
				CLANG_WARN_QUOTED_INCLUDE_IN_FRAMEWORK_HEADER = YES;
				CLANG_WARN_RANGE_LOOP_ANALYSIS = YES;
				CLANG_WARN_STRICT_PROTOTYPES = YES;
				CLANG_WARN_SUSPICIOUS_MOVE = YES;
				CLANG_WARN_UNGUARDED_AVAILABILITY = YES_AGGRESSIVE;
				CLANG_WARN_UNREACHABLE_CODE = YES;
				CLANG_WARN__DUPLICATE_METHOD_MATCH = YES;
				COPY_PHASE_STRIP = NO;
				DEBUG_INFORMATION_FORMAT = dwarf;
				ENABLE_STRICT_OBJC_MSGSEND = YES;
				ENABLE_TESTABILITY = YES;
				GCC_C_LANGUAGE_STANDARD = gnu11;
				GCC_DYNAMIC_NO_PIC = NO;
				GCC_NO_COMMON_BLOCKS = YES;
				GCC_OPTIMIZATION_LEVEL = 0;
				GCC_PREPROCESSOR_DEFINITIONS = (
					"DEBUG=1",
					"$(inherited)",
				);
				GCC_WARN_64_TO_32_BIT_CONVERSION = YES;
				GCC_WARN_ABOUT_RETURN_TYPE = YES_ERROR;
				GCC_WARN_UNDECLARED_SELECTOR = YES;
				GCC_WARN_UNINITIALIZED_AUTOS = YES_AGGRESSIVE;
				GCC_WARN_UNUSED_FUNCTION = YES;
				GCC_WARN_UNUSED_VARIABLE = YES;
				IPHONEOS_DEPLOYMENT_TARGET = 14.3;
				MTL_ENABLE_DEBUG_INFO = INCLUDE_SOURCE;
				MTL_FAST_MATH = YES;
				ONLY_ACTIVE_ARCH = YES;
				SDKROOT = iphoneos;
				SWIFT_ACTIVE_COMPILATION_CONDITIONS = DEBUG;
				SWIFT_OPTIMIZATION_LEVEL = "-Onone";
			};
			name = Debug;
		};
		BF81417525C81FCE002B7C7E /* Release */ = {
			isa = XCBuildConfiguration;
			buildSettings = {
				ALWAYS_SEARCH_USER_PATHS = NO;
				CLANG_ANALYZER_NONNULL = YES;
				CLANG_ANALYZER_NUMBER_OBJECT_CONVERSION = YES_AGGRESSIVE;
				CLANG_CXX_LANGUAGE_STANDARD = "gnu++14";
				CLANG_CXX_LIBRARY = "libc++";
				CLANG_ENABLE_MODULES = YES;
				CLANG_ENABLE_OBJC_ARC = YES;
				CLANG_ENABLE_OBJC_WEAK = YES;
				CLANG_WARN_BLOCK_CAPTURE_AUTORELEASING = YES;
				CLANG_WARN_BOOL_CONVERSION = YES;
				CLANG_WARN_COMMA = YES;
				CLANG_WARN_CONSTANT_CONVERSION = YES;
				CLANG_WARN_DEPRECATED_OBJC_IMPLEMENTATIONS = YES;
				CLANG_WARN_DIRECT_OBJC_ISA_USAGE = YES_ERROR;
				CLANG_WARN_DOCUMENTATION_COMMENTS = YES;
				CLANG_WARN_EMPTY_BODY = YES;
				CLANG_WARN_ENUM_CONVERSION = YES;
				CLANG_WARN_INFINITE_RECURSION = YES;
				CLANG_WARN_INT_CONVERSION = YES;
				CLANG_WARN_NON_LITERAL_NULL_CONVERSION = YES;
				CLANG_WARN_OBJC_IMPLICIT_RETAIN_SELF = YES;
				CLANG_WARN_OBJC_LITERAL_CONVERSION = YES;
				CLANG_WARN_OBJC_ROOT_CLASS = YES_ERROR;
				CLANG_WARN_QUOTED_INCLUDE_IN_FRAMEWORK_HEADER = YES;
				CLANG_WARN_RANGE_LOOP_ANALYSIS = YES;
				CLANG_WARN_STRICT_PROTOTYPES = YES;
				CLANG_WARN_SUSPICIOUS_MOVE = YES;
				CLANG_WARN_UNGUARDED_AVAILABILITY = YES_AGGRESSIVE;
				CLANG_WARN_UNREACHABLE_CODE = YES;
				CLANG_WARN__DUPLICATE_METHOD_MATCH = YES;
				COPY_PHASE_STRIP = NO;
				DEBUG_INFORMATION_FORMAT = "dwarf-with-dsym";
				ENABLE_NS_ASSERTIONS = NO;
				ENABLE_STRICT_OBJC_MSGSEND = YES;
				GCC_C_LANGUAGE_STANDARD = gnu11;
				GCC_NO_COMMON_BLOCKS = YES;
				GCC_WARN_64_TO_32_BIT_CONVERSION = YES;
				GCC_WARN_ABOUT_RETURN_TYPE = YES_ERROR;
				GCC_WARN_UNDECLARED_SELECTOR = YES;
				GCC_WARN_UNINITIALIZED_AUTOS = YES_AGGRESSIVE;
				GCC_WARN_UNUSED_FUNCTION = YES;
				GCC_WARN_UNUSED_VARIABLE = YES;
				IPHONEOS_DEPLOYMENT_TARGET = 14.3;
				MTL_ENABLE_DEBUG_INFO = NO;
				MTL_FAST_MATH = YES;
				SDKROOT = iphoneos;
				SWIFT_COMPILATION_MODE = wholemodule;
				SWIFT_OPTIMIZATION_LEVEL = "-O";
				VALIDATE_PRODUCT = YES;
			};
			name = Release;
		};
		BF81417725C81FCE002B7C7E /* Debug */ = {
			isa = XCBuildConfiguration;
			buildSettings = {
				ASSETCATALOG_COMPILER_APPICON_NAME = AppIcon;
				ASSETCATALOG_COMPILER_GLOBAL_ACCENT_COLOR_NAME = AccentColor;
				CODE_SIGN_STYLE = Automatic;
				DEVELOPMENT_TEAM = VY4FNTH9C6;
				INFOPLIST_FILE = DEFlow/Info.plist;
				LD_RUNPATH_SEARCH_PATHS = (
					"$(inherited)",
					"@executable_path/Frameworks",
				);
				PRODUCT_BUNDLE_IDENTIFIER = daeun28.DEFlow;
				PRODUCT_NAME = "$(TARGET_NAME)";
				SWIFT_VERSION = 5.0;
				TARGETED_DEVICE_FAMILY = "1,2";
			};
			name = Debug;
		};
		BF81417825C81FCE002B7C7E /* Release */ = {
			isa = XCBuildConfiguration;
			buildSettings = {
				ASSETCATALOG_COMPILER_APPICON_NAME = AppIcon;
				ASSETCATALOG_COMPILER_GLOBAL_ACCENT_COLOR_NAME = AccentColor;
				CODE_SIGN_STYLE = Automatic;
				DEVELOPMENT_TEAM = VY4FNTH9C6;
				INFOPLIST_FILE = DEFlow/Info.plist;
				LD_RUNPATH_SEARCH_PATHS = (
					"$(inherited)",
					"@executable_path/Frameworks",
				);
				PRODUCT_BUNDLE_IDENTIFIER = daeun28.DEFlow;
				PRODUCT_NAME = "$(TARGET_NAME)";
				SWIFT_VERSION = 5.0;
				TARGETED_DEVICE_FAMILY = "1,2";
			};
			name = Release;
		};
/* End XCBuildConfiguration section */

/* Begin XCConfigurationList section */
		BF81415D25C81FCC002B7C7E /* Build configuration list for PBXProject "DEFlow" */ = {
			isa = XCConfigurationList;
			buildConfigurations = (
				BF81417425C81FCE002B7C7E /* Debug */,
				BF81417525C81FCE002B7C7E /* Release */,
			);
			defaultConfigurationIsVisible = 0;
			defaultConfigurationName = Release;
		};
		BF81417625C81FCE002B7C7E /* Build configuration list for PBXNativeTarget "DEFlow" */ = {
			isa = XCConfigurationList;
			buildConfigurations = (
				BF81417725C81FCE002B7C7E /* Debug */,
				BF81417825C81FCE002B7C7E /* Release */,
			);
			defaultConfigurationIsVisible = 0;
			defaultConfigurationName = Release;
		};
/* End XCConfigurationList section */
	};
	rootObject = BF81415A25C81FCC002B7C7E /* Project object */;
}
